
Microsoft Visual Studio Solution File, Format Version 12.00
# Visual Studio Version 17
VisualStudioVersion = 17.5.002.0
MinimumVisualStudioVersion = 10.0.40219.1
Project("{9A19103F-16F7-4668-BE54-9A1E7A4F7556}") = "GestionColegio", "GestionColegio\GestionColegio.csproj", "{1F7845ED-AB5B-4A8C-8ECD-78CA6E0EF66F}"
EndProject
Global
	GlobalSection(SolutionConfigurationPlatforms) = preSolution
		Debug|Any CPU = Debug|Any CPU
		Release|Any CPU = Release|Any CPU
	EndGlobalSection
	GlobalSection(ProjectConfigurationPlatforms) = postSolution
		{1F7845ED-AB5B-4A8C-8ECD-78CA6E0EF66F}.Debug|Any CPU.ActiveCfg = Debug|Any CPU
		{1F7845ED-AB5B-4A8C-8ECD-78CA6E0EF66F}.Debug|Any CPU.Build.0 = Debug|Any CPU
		{1F7845ED-AB5B-4A8C-8ECD-78CA6E0EF66F}.Release|Any CPU.ActiveCfg = Release|Any CPU
		{1F7845ED-AB5B-4A8C-8ECD-78CA6E0EF66F}.Release|Any CPU.Build.0 = Release|Any CPU
	EndGlobalSection
	GlobalSection(SolutionProperties) = preSolution
		HideSolutionNode = FALSE
	EndGlobalSection
	GlobalSection(ExtensibilityGlobals) = postSolution
		SolutionGuid = {65AB4E2E-E846-4A75-829D-FD0D14EE11DF}
	EndGlobalSection
EndGlobal
